
Microsoft Visual Studio Solution File, Format Version 12.00
# Visual Studio Version 17
VisualStudioVersion = 17.7.34003.232
MinimumVisualStudioVersion = 10.0.40219.1
Project("{9A19103F-16F7-4668-BE54-9A1E7A4F7556}") = "WEBAPP", "QLSV-APP\WEBAPP.csproj", "{B2BE2FE6-5A46-4451-8780-C9C39C58B330}"
EndProject
Global
	GlobalSection(SolutionConfigurationPlatforms) = preSolution
		Debug|Any CPU = Debug|Any CPU
		Release|Any CPU = Release|Any CPU
	EndGlobalSection
	GlobalSection(ProjectConfigurationPlatforms) = postSolution
		{B2BE2FE6-5A46-4451-8780-C9C39C58B330}.Debug|Any CPU.ActiveCfg = Debug|Any CPU
		{B2BE2FE6-5A46-4451-8780-C9C39C58B330}.Debug|Any CPU.Build.0 = Debug|Any CPU
		{B2BE2FE6-5A46-4451-8780-C9C39C58B330}.Release|Any CPU.ActiveCfg = Release|Any CPU
		{B2BE2FE6-5A46-4451-8780-C9C39C58B330}.Release|Any CPU.Build.0 = Release|Any CPU
	EndGlobalSection
	GlobalSection(SolutionProperties) = preSolution
		HideSolutionNode = FALSE
	EndGlobalSection
	GlobalSection(ExtensibilityGlobals) = postSolution
		SolutionGuid = {48A0C789-9476-47F7-A786-AB6EE4587FFE}
	EndGlobalSection
EndGlobal
